
Microsoft Visual Studio Solution File, Format Version 12.00
# Visual Studio Version 17
VisualStudioVersion = 17.3.32901.215
MinimumVisualStudioVersion = 10.0.40219.1
Project("{FAE04EC0-301F-11D3-BF4B-00C04F79EFBC}") = "Pilnai Veikiantis ir perdarytas", "Pilnai Veikiantis ir perdarytas\Pilnai Veikiantis ir perdarytas.csproj", "{E8FB656D-2535-4E91-AAEC-1A63F79EB168}"
EndProject
Global
	GlobalSection(SolutionConfigurationPlatforms) = preSolution
		Debug|Any CPU = Debug|Any CPU
		Release|Any CPU = Release|Any CPU
	EndGlobalSection
	GlobalSection(ProjectConfigurationPlatforms) = postSolution
		{E8FB656D-2535-4E91-AAEC-1A63F79EB168}.Debug|Any CPU.ActiveCfg = Debug|Any CPU
		{E8FB656D-2535-4E91-AAEC-1A63F79EB168}.Debug|Any CPU.Build.0 = Debug|Any CPU
		{E8FB656D-2535-4E91-AAEC-1A63F79EB168}.Release|Any CPU.ActiveCfg = Release|Any CPU
		{E8FB656D-2535-4E91-AAEC-1A63F79EB168}.Release|Any CPU.Build.0 = Release|Any CPU
	EndGlobalSection
	GlobalSection(SolutionProperties) = preSolution
		HideSolutionNode = FALSE
	EndGlobalSection
	GlobalSection(ExtensibilityGlobals) = postSolution
		SolutionGuid = {023ED7C9-767A-475B-A0BE-843B3AF304B5}
	EndGlobalSection
EndGlobal
